
Microsoft Visual Studio Solution File, Format Version 12.00
# Visual Studio Version 17
VisualStudioVersion = 17.11.35208.52
MinimumVisualStudioVersion = 10.0.40219.1
Project("{9A19103F-16F7-4668-BE54-9A1E7A4F7556}") = "GlobalErrorHandlingValidation.API", "GlobalErrorHandlingValidation.API\GlobalErrorHandlingValidation.API.csproj", "{BD0FDB67-C20A-4BD3-B5F1-525931B36862}"
EndProject
Project("{9A19103F-16F7-4668-BE54-9A1E7A4F7556}") = "GlobalErrorHandlingValidation.Domain", "GlobalErrorHandlingValidation.Domain\GlobalErrorHandlingValidation.Domain.csproj", "{2E0CDF82-0AEC-438A-BDAB-DAE56710862E}"
EndProject
Global
	GlobalSection(SolutionConfigurationPlatforms) = preSolution
		Debug|Any CPU = Debug|Any CPU
		Release|Any CPU = Release|Any CPU
	EndGlobalSection
	GlobalSection(ProjectConfigurationPlatforms) = postSolution
		{BD0FDB67-C20A-4BD3-B5F1-525931B36862}.Debug|Any CPU.ActiveCfg = Debug|Any CPU
		{BD0FDB67-C20A-4BD3-B5F1-525931B36862}.Debug|Any CPU.Build.0 = Debug|Any CPU
		{BD0FDB67-C20A-4BD3-B5F1-525931B36862}.Release|Any CPU.ActiveCfg = Release|Any CPU
		{BD0FDB67-C20A-4BD3-B5F1-525931B36862}.Release|Any CPU.Build.0 = Release|Any CPU
		{2E0CDF82-0AEC-438A-BDAB-DAE56710862E}.Debug|Any CPU.ActiveCfg = Debug|Any CPU
		{2E0CDF82-0AEC-438A-BDAB-DAE56710862E}.Debug|Any CPU.Build.0 = Debug|Any CPU
		{2E0CDF82-0AEC-438A-BDAB-DAE56710862E}.Release|Any CPU.ActiveCfg = Release|Any CPU
		{2E0CDF82-0AEC-438A-BDAB-DAE56710862E}.Release|Any CPU.Build.0 = Release|Any CPU
	EndGlobalSection
	GlobalSection(SolutionProperties) = preSolution
		HideSolutionNode = FALSE
	EndGlobalSection
	GlobalSection(ExtensibilityGlobals) = postSolution
		SolutionGuid = {9E454BE7-8DE4-4FDA-BE36-134BEA09D639}
	EndGlobalSection
EndGlobal
